
Microsoft Visual Studio Solution File, Format Version 12.00
# Visual Studio Version 17
VisualStudioVersion = 17.0.31903.59
MinimumVisualStudioVersion = 10.0.40219.1
Project("{FAE04EC0-301F-11D3-BF4B-00C04F79EFBC}") = "Layered.Presentation.API", "Layered.Presentation.API\Layered.Presentation.API.csproj", "{357B0072-CF76-408C-A3CF-C38E688FDAA1}"
EndProject
Project("{FAE04EC0-301F-11D3-BF4B-00C04F79EFBC}") = "Layered.Domain", "Layered.Domain\Layered.Domain.csproj", "{86830A58-1A9D-41F2-A1D1-7BC1875B1224}"
EndProject
Project("{FAE04EC0-301F-11D3-BF4B-00C04F79EFBC}") = "Layered.Application", "Layered.Application\Layered.Application.csproj", "{5DDEB360-35DA-443D-BB7A-F2AFD95E26CC}"
EndProject
Project("{FAE04EC0-301F-11D3-BF4B-00C04F79EFBC}") = "Layered.Infrastructure", "Layered.Infrastructure\Layered.Infrastructure.csproj", "{41D2FCFC-A71E-4B1E-88E6-B17ED2395390}"
EndProject
Project("{FAE04EC0-301F-11D3-BF4B-00C04F79EFBC}") = "Layered.Tests", "Layered.Tests\Layered.Tests.csproj", "{6394809C-A1DC-4C7F-B253-9FB8F3855EDA}"
EndProject
Project("{FAE04EC0-301F-11D3-BF4B-00C04F79EFBC}") = "Layered.Application.Services", "Layered.Application.Services\Layered.Application.Services.csproj", "{2D011B45-228E-4B47-82C3-BD79B28A88B2}"
EndProject
Project("{FAE04EC0-301F-11D3-BF4B-00C04F79EFBC}") = "Layered.Infrastructure.Persistence", "Layered.Infrastructure.Persistence\Layered.Infrastructure.Persistence.csproj", "{301B1ACD-AA88-4956-B65E-43B9EABDAF8C}"
EndProject
Project("{FAE04EC0-301F-11D3-BF4B-00C04F79EFBC}") = "Layered.Infrastructure.Identity", "Layered.Infrastructure.Identity\Layered.Infrastructure.Identity.csproj", "{636E9E69-2D70-4A90-8FFE-8E26B95F7B8C}"
EndProject
Project("{FAE04EC0-301F-11D3-BF4B-00C04F79EFBC}") = "Layered.Infrastructure.IoC", "Layered.Infrastructure.IoC\Layered.Infrastructure.IoC.csproj", "{88FEFAC4-BA4B-476C-A4C7-CFED8FA48B8A}"
EndProject
Project("{FAE04EC0-301F-11D3-BF4B-00C04F79EFBC}") = "Layered.Infrastructure.Caching", "Layered.Infrastructure.Caching\Layered.Infrastructure.Caching.csproj", "{A5DCD0E0-81AB-464B-8E91-6CEC5B342FB4}"
EndProject
Project("{FAE04EC0-301F-11D3-BF4B-00C04F79EFBC}") = "Layered.Presentation.Common", "Layered.Presentation.Common\Layered.Presentation.Common.csproj", "{E00C6F96-FFCA-44D4-AA62-EC404BFF3557}"
EndProject
Project("{FAE04EC0-301F-11D3-BF4B-00C04F79EFBC}") = "Layered.Infrastructure.Communications", "Layered.Infrastructure.Communications\Layered.Infrastructure.Communications.csproj", "{FBF7CAC1-083C-4C2E-B7B7-4F2EADAFF898}"
EndProject
Project("{FAE04EC0-301F-11D3-BF4B-00C04F79EFBC}") = "Layered.Infrastructure.Logging", "Layered.Infrastructure.Logging\Layered.Infrastructure.Logging.csproj", "{88677F01-B0A8-4811-AD15-428C08C4F226}"
EndProject
Global
	GlobalSection(SolutionConfigurationPlatforms) = preSolution
		Debug|Any CPU = Debug|Any CPU
		Release|Any CPU = Release|Any CPU
	EndGlobalSection
	GlobalSection(SolutionProperties) = preSolution
		HideSolutionNode = FALSE
	EndGlobalSection
	GlobalSection(ProjectConfigurationPlatforms) = postSolution
		{357B0072-CF76-408C-A3CF-C38E688FDAA1}.Debug|Any CPU.ActiveCfg = Debug|Any CPU
		{357B0072-CF76-408C-A3CF-C38E688FDAA1}.Debug|Any CPU.Build.0 = Debug|Any CPU
		{357B0072-CF76-408C-A3CF-C38E688FDAA1}.Release|Any CPU.ActiveCfg = Release|Any CPU
		{357B0072-CF76-408C-A3CF-C38E688FDAA1}.Release|Any CPU.Build.0 = Release|Any CPU
		{86830A58-1A9D-41F2-A1D1-7BC1875B1224}.Debug|Any CPU.ActiveCfg = Debug|Any CPU
		{86830A58-1A9D-41F2-A1D1-7BC1875B1224}.Debug|Any CPU.Build.0 = Debug|Any CPU
		{86830A58-1A9D-41F2-A1D1-7BC1875B1224}.Release|Any CPU.ActiveCfg = Release|Any CPU
		{86830A58-1A9D-41F2-A1D1-7BC1875B1224}.Release|Any CPU.Build.0 = Release|Any CPU
		{5DDEB360-35DA-443D-BB7A-F2AFD95E26CC}.Debug|Any CPU.ActiveCfg = Debug|Any CPU
		{5DDEB360-35DA-443D-BB7A-F2AFD95E26CC}.Debug|Any CPU.Build.0 = Debug|Any CPU
		{5DDEB360-35DA-443D-BB7A-F2AFD95E26CC}.Release|Any CPU.ActiveCfg = Release|Any CPU
		{5DDEB360-35DA-443D-BB7A-F2AFD95E26CC}.Release|Any CPU.Build.0 = Release|Any CPU
		{41D2FCFC-A71E-4B1E-88E6-B17ED2395390}.Debug|Any CPU.ActiveCfg = Debug|Any CPU
		{41D2FCFC-A71E-4B1E-88E6-B17ED2395390}.Debug|Any CPU.Build.0 = Debug|Any CPU
		{41D2FCFC-A71E-4B1E-88E6-B17ED2395390}.Release|Any CPU.ActiveCfg = Release|Any CPU
		{41D2FCFC-A71E-4B1E-88E6-B17ED2395390}.Release|Any CPU.Build.0 = Release|Any CPU
		{6394809C-A1DC-4C7F-B253-9FB8F3855EDA}.Debug|Any CPU.ActiveCfg = Debug|Any CPU
		{6394809C-A1DC-4C7F-B253-9FB8F3855EDA}.Debug|Any CPU.Build.0 = Debug|Any CPU
		{6394809C-A1DC-4C7F-B253-9FB8F3855EDA}.Release|Any CPU.ActiveCfg = Release|Any CPU
		{6394809C-A1DC-4C7F-B253-9FB8F3855EDA}.Release|Any CPU.Build.0 = Release|Any CPU
		{2D011B45-228E-4B47-82C3-BD79B28A88B2}.Debug|Any CPU.ActiveCfg = Debug|Any CPU
		{2D011B45-228E-4B47-82C3-BD79B28A88B2}.Debug|Any CPU.Build.0 = Debug|Any CPU
		{2D011B45-228E-4B47-82C3-BD79B28A88B2}.Release|Any CPU.ActiveCfg = Release|Any CPU
		{2D011B45-228E-4B47-82C3-BD79B28A88B2}.Release|Any CPU.Build.0 = Release|Any CPU
		{301B1ACD-AA88-4956-B65E-43B9EABDAF8C}.Debug|Any CPU.ActiveCfg = Debug|Any CPU
		{301B1ACD-AA88-4956-B65E-43B9EABDAF8C}.Debug|Any CPU.Build.0 = Debug|Any CPU
		{301B1ACD-AA88-4956-B65E-43B9EABDAF8C}.Release|Any CPU.ActiveCfg = Release|Any CPU
		{301B1ACD-AA88-4956-B65E-43B9EABDAF8C}.Release|Any CPU.Build.0 = Release|Any CPU
		{636E9E69-2D70-4A90-8FFE-8E26B95F7B8C}.Debug|Any CPU.ActiveCfg = Debug|Any CPU
		{636E9E69-2D70-4A90-8FFE-8E26B95F7B8C}.Debug|Any CPU.Build.0 = Debug|Any CPU
		{636E9E69-2D70-4A90-8FFE-8E26B95F7B8C}.Release|Any CPU.ActiveCfg = Release|Any CPU
		{636E9E69-2D70-4A90-8FFE-8E26B95F7B8C}.Release|Any CPU.Build.0 = Release|Any CPU
		{88FEFAC4-BA4B-476C-A4C7-CFED8FA48B8A}.Debug|Any CPU.ActiveCfg = Debug|Any CPU
		{88FEFAC4-BA4B-476C-A4C7-CFED8FA48B8A}.Debug|Any CPU.Build.0 = Debug|Any CPU
		{88FEFAC4-BA4B-476C-A4C7-CFED8FA48B8A}.Release|Any CPU.ActiveCfg = Release|Any CPU
		{88FEFAC4-BA4B-476C-A4C7-CFED8FA48B8A}.Release|Any CPU.Build.0 = Release|Any CPU
		{A5DCD0E0-81AB-464B-8E91-6CEC5B342FB4}.Debug|Any CPU.ActiveCfg = Debug|Any CPU
		{A5DCD0E0-81AB-464B-8E91-6CEC5B342FB4}.Debug|Any CPU.Build.0 = Debug|Any CPU
		{A5DCD0E0-81AB-464B-8E91-6CEC5B342FB4}.Release|Any CPU.ActiveCfg = Release|Any CPU
		{A5DCD0E0-81AB-464B-8E91-6CEC5B342FB4}.Release|Any CPU.Build.0 = Release|Any CPU
		{E00C6F96-FFCA-44D4-AA62-EC404BFF3557}.Debug|Any CPU.ActiveCfg = Debug|Any CPU
		{E00C6F96-FFCA-44D4-AA62-EC404BFF3557}.Debug|Any CPU.Build.0 = Debug|Any CPU
		{E00C6F96-FFCA-44D4-AA62-EC404BFF3557}.Release|Any CPU.ActiveCfg = Release|Any CPU
		{E00C6F96-FFCA-44D4-AA62-EC404BFF3557}.Release|Any CPU.Build.0 = Release|Any CPU
		{FBF7CAC1-083C-4C2E-B7B7-4F2EADAFF898}.Debug|Any CPU.ActiveCfg = Debug|Any CPU
		{FBF7CAC1-083C-4C2E-B7B7-4F2EADAFF898}.Debug|Any CPU.Build.0 = Debug|Any CPU
		{FBF7CAC1-083C-4C2E-B7B7-4F2EADAFF898}.Release|Any CPU.ActiveCfg = Release|Any CPU
		{FBF7CAC1-083C-4C2E-B7B7-4F2EADAFF898}.Release|Any CPU.Build.0 = Release|Any CPU
		{88677F01-B0A8-4811-AD15-428C08C4F226}.Debug|Any CPU.ActiveCfg = Debug|Any CPU
		{88677F01-B0A8-4811-AD15-428C08C4F226}.Debug|Any CPU.Build.0 = Debug|Any CPU
		{88677F01-B0A8-4811-AD15-428C08C4F226}.Release|Any CPU.ActiveCfg = Release|Any CPU
		{88677F01-B0A8-4811-AD15-428C08C4F226}.Release|Any CPU.Build.0 = Release|Any CPU
	EndGlobalSection
EndGlobal
